# THIS IS AN AUTOGENERATED FILE. DO NOT EDIT THIS FILE DIRECTLY.
# yarn lockfile v1


deep-equal@~0.1.0:
  version "0.1.2"
  resolved "https://registry.yarnpkg.com/deep-equal/-/deep-equal-0.1.2.tgz#b246c2b80a570a47c11be1d9bd1070ec878b87ce"
  integrity sha1-skbCuApXCkfBG+HZvRBw7IeLh84=

defined@~0.0.0:
  version "0.0.0"
  resolved "https://registry.yarnpkg.com/defined/-/defined-0.0.0.tgz#f35eea7d705e933baf13b2f03b3f83d921403b3e"
  integrity sha1-817qfXBekzuvE7LwOz+D2SFAOz4=

dnode-protocol@~0.2.2:
  version "0.2.2"
  resolved "https://registry.yarnpkg.com/dnode-protocol/-/dnode-protocol-0.2.2.tgz#51151d16fc3b5f84815ee0b9497a1061d0d1949d"
  integrity sha1-URUdFvw7X4SBXuC5SXoQYdDRlJ0=
  dependencies:
    jsonify "~0.0.0"
    traverse "~0.6.3"

get-symbol-from-current-process-h@^1.0.1:
  version "1.0.2"
  resolved "https://registry.yarnpkg.com/get-symbol-from-current-process-h/-/get-symbol-from-current-process-h-1.0.2.tgz#510af52eaef873f7028854c3377f47f7bb200265"
  integrity sha512-syloC6fsCt62ELLrr1VKBM1ggOpMdetX9hTrdW77UQdcApPHLmf7CI7OKcN1c9kYuNxKcDe4iJ4FY9sX3aw2xw==

get-uv-event-loop-napi-h@^1.0.5:
  version "1.0.6"
  resolved "https://registry.yarnpkg.com/get-uv-event-loop-napi-h/-/get-uv-event-loop-napi-h-1.0.6.tgz#42b0b06b74c3ed21fbac8e7c72845fdb7a200208"
  integrity sha512-t5c9VNR84nRoF+eLiz6wFrEp1SE2Acg0wS+Ysa2zF0eROes+LzOfuTaVHxGy8AbS8rq7FHEJzjnCZo1BupwdJg==
  dependencies:
    get-symbol-from-current-process-h "^1.0.1"

inherits@~2.0.1:
  version "2.0.4"
  resolved "https://registry.yarnpkg.com/inherits/-/inherits-2.0.4.tgz#0fa2c64f932917c3433a0ded55363aae37416b7c"
  integrity sha512-k/vGaX4/Yla3WzyMCvTQOXYeIHvqOKtnqBduzTHpzpQZzAskKMhZ2K+EnBiSM9zGSoIFeMpXKxa4dYeZIQqewQ==

jsonify@~0.0.0:
  version "0.0.0"
  resolved "https://registry.yarnpkg.com/jsonify/-/jsonify-0.0.0.tgz#2c74b6ee41d93ca51b7b5aaee8f503631d252a73"
  integrity sha1-LHS27kHZPKUbe1qu6PUDYx0lKnM=

node-addon-api@^3.0.0:
  version "3.2.1"
  resolved "https://registry.yarnpkg.com/node-addon-api/-/node-addon-api-3.2.1.tgz#81325e0a2117789c0128dab65e7e38f07ceba161"
  integrity sha512-mmcei9JghVNDYydghQmeDX8KoAm0FAiYyIcUt/N4nhyAipB17pllZQDOJD2fotxABnt4Mdz+dKTO7eftLg4d0A==

node-gyp-build@^4.2.1:
  version "4.2.3"
  resolved "https://registry.yarnpkg.com/node-gyp-build/-/node-gyp-build-4.2.3.tgz#ce6277f853835f718829efb47db20f3e4d9c4739"
  integrity sha512-MN6ZpzmfNCRM+3t57PTJHgHyw/h4OWnZ6mR8P5j/uZtqQr46RRuDE/P+g3n0YR/AiYXeWixZZzaip77gdICfRg==

resumer@~0.0.0:
  version "0.0.0"
  resolved "https://registry.yarnpkg.com/resumer/-/resumer-0.0.0.tgz#f1e8f461e4064ba39e82af3cdc2a8c893d076759"
  integrity sha1-8ej0YeQGS6Oegq883CqMiT0HZ1k=
  dependencies:
    through "~2.3.4"

setimmediate-napi@^1.0.3:
  version "1.0.6"
  resolved "https://registry.yarnpkg.com/setimmediate-napi/-/setimmediate-napi-1.0.6.tgz#43cd797ef25d66eb69c782170ea01898787b8720"
  integrity sha512-sdNXN15Av1jPXuSal4Mk4tEAKn0+8lfF9Z50/negaQMrAIO9c1qM0eiCh8fT6gctp0RiCObk+6/Xfn5RMGdZoA==
  dependencies:
    get-symbol-from-current-process-h "^1.0.1"
    get-uv-event-loop-napi-h "^1.0.5"

tape@~2.3.2:
  version "2.3.3"
  resolved "https://registry.yarnpkg.com/tape/-/tape-2.3.3.tgz#2e7ce0a31df09f8d6851664a71842e0ca5057af7"
  integrity sha1-Lnzgox3wn41oUWZKcYQuDKUFevc=
  dependencies:
    deep-equal "~0.1.0"
    defined "~0.0.0"
    inherits "~2.0.1"
    jsonify "~0.0.0"
    resumer "~0.0.0"
    through "~2.3.4"

through@~2.3.4:
  version "2.3.8"
  resolved "https://registry.yarnpkg.com/through/-/through-2.3.8.tgz#0dd4c9ffaabc357960b1b724115d7e0e86a2e1f5"
  integrity sha1-DdTJ/6q8NXlgsbckEV1+Doai4fU=

traverse@~0.6.3:
  version "0.6.6"
  resolved "https://registry.yarnpkg.com/traverse/-/traverse-0.6.6.tgz#cbdf560fd7b9af632502fed40f918c157ea97137"
  integrity sha1-y99WD9e5r2MlAv7UD5GMFX6pcTc=

weak-napi@^2.0.2:
  version "2.0.2"
  resolved "https://registry.yarnpkg.com/weak-napi/-/weak-napi-2.0.2.tgz#40662d0931498397979edb38a571409f5afce6d3"
  integrity sha512-LcOSVFrghtVXf4QH+DLIy8iPiCktV7lVbqRDYP+bDPpLzC41RCHQPMyQOnPpWO41Ie4CmnDxS+mbL72r5xFMMQ==
  dependencies:
    node-addon-api "^3.0.0"
    node-gyp-build "^4.2.1"
    setimmediate-napi "^1.0.3"
